Microsoft Visual Studio Solution File, Format Version 12.00
# Visual Studio Version 17
VisualStudioVersion = 17.5.2.0
MinimumVisualStudioVersion = 10.0.40219.1
Project("{FAE04EC0-301F-11D3-BF4B-00C04F79EFBC}") = "BlogThiago", "BlogThiago\BlogThiago.csproj", "{8D063C1E-CBC1-B7D6-352D-7C5DEAF16A1A}"
EndProject
Global
	GlobalSection(SolutionConfigurationPlatforms) = preSolution
		Debug|Any CPU = Debug|Any CPU
		Release|Any CPU = Release|Any CPU
	EndGlobalSection
	GlobalSection(ProjectConfigurationPlatforms) = postSolution
		{8D063C1E-CBC1-B7D6-352D-7C5DEAF16A1A}.Debug|Any CPU.ActiveCfg = Debug|Any CPU
		{8D063C1E-CBC1-B7D6-352D-7C5DEAF16A1A}.Debug|Any CPU.Build.0 = Debug|Any CPU
		{8D063C1E-CBC1-B7D6-352D-7C5DEAF16A1A}.Release|Any CPU.ActiveCfg = Release|Any CPU
		{8D063C1E-CBC1-B7D6-352D-7C5DEAF16A1A}.Release|Any CPU.Build.0 = Release|Any CPU
	EndGlobalSection
	GlobalSection(SolutionProperties) = preSolution
		HideSolutionNode = FALSE
	EndGlobalSection
	GlobalSection(ExtensibilityGlobals) = postSolution
		SolutionGuid = {B7E771C9-8EE2-4923-90E3-0E13F0C89422}
	EndGlobalSection
EndGlobal
